
Microsoft Visual Studio Solution File, Format Version 12.00
# Visual Studio Version 17
VisualStudioVersion = 17.14.36705.20 d17.14
MinimumVisualStudioVersion = 10.0.40219.1
Project("{FAE04EC0-301F-11D3-BF4B-00C04F79EFBC}") = "EmailCorrespondenceSplitter", "EmailCorrespondenceSplitter.csproj", "{AF71DBAA-9087-4761-8D36-109C9136DFF3}"
EndProject
Project("{FAE04EC0-301F-11D3-BF4B-00C04F79EFBC}") = "EmailCorrespondenceSplitter.Test", "EmailCorrespondenceSplitter.Test\EmailCorrespondenceSplitter.Test.csproj", "{E1D8471D-93D7-41F8-9DBB-135E6ABCD5BE}"
EndProject
Global
	GlobalSection(SolutionConfigurationPlatforms) = preSolution
		Debug|Any CPU = Debug|Any CPU
		Release|Any CPU = Release|Any CPU
	EndGlobalSection
	GlobalSection(ProjectConfigurationPlatforms) = postSolution
		{AF71DBAA-9087-4761-8D36-109C9136DFF3}.Debug|Any CPU.ActiveCfg = Debug|Any CPU
		{AF71DBAA-9087-4761-8D36-109C9136DFF3}.Debug|Any CPU.Build.0 = Debug|Any CPU
		{AF71DBAA-9087-4761-8D36-109C9136DFF3}.Release|Any CPU.ActiveCfg = Release|Any CPU
		{AF71DBAA-9087-4761-8D36-109C9136DFF3}.Release|Any CPU.Build.0 = Release|Any CPU
		{E1D8471D-93D7-41F8-9DBB-135E6ABCD5BE}.Debug|Any CPU.ActiveCfg = Debug|Any CPU
		{E1D8471D-93D7-41F8-9DBB-135E6ABCD5BE}.Debug|Any CPU.Build.0 = Debug|Any CPU
		{E1D8471D-93D7-41F8-9DBB-135E6ABCD5BE}.Release|Any CPU.ActiveCfg = Release|Any CPU
		{E1D8471D-93D7-41F8-9DBB-135E6ABCD5BE}.Release|Any CPU.Build.0 = Release|Any CPU
	EndGlobalSection
	GlobalSection(SolutionProperties) = preSolution
		HideSolutionNode = FALSE
	EndGlobalSection
	GlobalSection(ExtensibilityGlobals) = postSolution
		SolutionGuid = {7FD89DF9-C106-44EF-AE5D-F8D28A0B7AD5}
	EndGlobalSection
EndGlobal
